
Microsoft Visual Studio Solution File, Format Version 12.00
# Visual Studio Version 16
VisualStudioVersion = 16.0.29209.62
MinimumVisualStudioVersion = 10.0.40219.1
Project("{2150E333-8FDC-42A3-9474-1A3956D46DE8}") = "src", "src", "{8BFB813D-F58A-4443-862E-8D57317C2D38}"
EndProject
Project("{9A19103F-16F7-4668-BE54-9A1E7A4F7556}") = "IGTI.PA.Init", "src\IGTI.PA.Init\IGTI.PA.Init.csproj", "{DEE3961C-6BC8-42DF-B12A-C1F71D87B6BE}"
EndProject
Project("{2150E333-8FDC-42A3-9474-1A3956D46DE8}") = "1.Entities", "1.Entities", "{0E44CEBA-0A9F-4AEF-863A-69295B901B1D}"
EndProject
Project("{2150E333-8FDC-42A3-9474-1A3956D46DE8}") = "2.UseCases", "2.UseCases", "{79AFB936-1F93-48B9-997D-E608ED4EBBE9}"
EndProject
Project("{2150E333-8FDC-42A3-9474-1A3956D46DE8}") = "3.Frameworks", "3.Frameworks", "{DD995D36-6D6A-4909-A164-14A8D2D3E40B}"
EndProject
Project("{2150E333-8FDC-42A3-9474-1A3956D46DE8}") = "3.3.APIs", "3.3.APIs", "{4BA95677-E30D-4FFE-AAE1-A5CE56AB9FD6}"
EndProject
Project("{2150E333-8FDC-42A3-9474-1A3956D46DE8}") = "3.1.Drivers", "3.1.Drivers", "{41F2B0C3-366E-4119-9756-98B2EE670301}"
EndProject
Project("{2150E333-8FDC-42A3-9474-1A3956D46DE8}") = "scripts", "scripts", "{2B09F40C-1A4C-4CDB-890D-438DA0A054C7}"
	ProjectSection(SolutionItems) = preProject
		scripts\setup.txt = scripts\setup.txt
	EndProjectSection
EndProject
Project("{2150E333-8FDC-42A3-9474-1A3956D46DE8}") = "3.2.QueueConsumer", "3.2.QueueConsumer", "{DFD1E4A0-02FB-4BD4-83BC-3A259F0B0504}"
EndProject
Project("{9A19103F-16F7-4668-BE54-9A1E7A4F7556}") = "IGTI.PA.QueueConsumer", "src\IGTI.PA.QueueConsumer\IGTI.PA.QueueConsumer.csproj", "{DD0E278A-3AD0-453E-BE68-5AF8FCB184BB}"
EndProject
Project("{9A19103F-16F7-4668-BE54-9A1E7A4F7556}") = "IGTI.PA.Queue", "src\IGTI.PA.Queue\IGTI.PA.Queue.csproj", "{FAE2929C-1578-449A-84B1-266E3BCEF9F8}"
EndProject
Project("{9A19103F-16F7-4668-BE54-9A1E7A4F7556}") = "IGTI.PA.Entities", "src\IGTI.PA.Entities\IGTI.PA.Entities.csproj", "{73410C6C-1E58-49E8-AC6C-F94CF7357426}"
EndProject
Project("{9A19103F-16F7-4668-BE54-9A1E7A4F7556}") = "IGTI.PA.UseCases", "src\IGTI.PA.UseCases\IGTI.PA.UseCases.csproj", "{317539A9-996B-4B6A-BD10-46D742FD363D}"
EndProject
Project("{9A19103F-16F7-4668-BE54-9A1E7A4F7556}") = "IGTI.PA.Database", "src\IGTI.PA.Database\IGTI.PA.Database.csproj", "{EC533091-4B30-49C1-AB7B-B35726223A59}"
EndProject
Global
	GlobalSection(SolutionConfigurationPlatforms) = preSolution
		Debug|Any CPU = Debug|Any CPU
		Release|Any CPU = Release|Any CPU
	EndGlobalSection
	GlobalSection(ProjectConfigurationPlatforms) = postSolution
		{DEE3961C-6BC8-42DF-B12A-C1F71D87B6BE}.Debug|Any CPU.ActiveCfg = Debug|Any CPU
		{DEE3961C-6BC8-42DF-B12A-C1F71D87B6BE}.Debug|Any CPU.Build.0 = Debug|Any CPU
		{DEE3961C-6BC8-42DF-B12A-C1F71D87B6BE}.Release|Any CPU.ActiveCfg = Release|Any CPU
		{DEE3961C-6BC8-42DF-B12A-C1F71D87B6BE}.Release|Any CPU.Build.0 = Release|Any CPU
		{DD0E278A-3AD0-453E-BE68-5AF8FCB184BB}.Debug|Any CPU.ActiveCfg = Debug|Any CPU
		{DD0E278A-3AD0-453E-BE68-5AF8FCB184BB}.Debug|Any CPU.Build.0 = Debug|Any CPU
		{DD0E278A-3AD0-453E-BE68-5AF8FCB184BB}.Release|Any CPU.ActiveCfg = Release|Any CPU
		{DD0E278A-3AD0-453E-BE68-5AF8FCB184BB}.Release|Any CPU.Build.0 = Release|Any CPU
		{FAE2929C-1578-449A-84B1-266E3BCEF9F8}.Debug|Any CPU.ActiveCfg = Debug|Any CPU
		{FAE2929C-1578-449A-84B1-266E3BCEF9F8}.Debug|Any CPU.Build.0 = Debug|Any CPU
		{FAE2929C-1578-449A-84B1-266E3BCEF9F8}.Release|Any CPU.ActiveCfg = Release|Any CPU
		{FAE2929C-1578-449A-84B1-266E3BCEF9F8}.Release|Any CPU.Build.0 = Release|Any CPU
		{73410C6C-1E58-49E8-AC6C-F94CF7357426}.Debug|Any CPU.ActiveCfg = Debug|Any CPU
		{73410C6C-1E58-49E8-AC6C-F94CF7357426}.Debug|Any CPU.Build.0 = Debug|Any CPU
		{73410C6C-1E58-49E8-AC6C-F94CF7357426}.Release|Any CPU.ActiveCfg = Release|Any CPU
		{73410C6C-1E58-49E8-AC6C-F94CF7357426}.Release|Any CPU.Build.0 = Release|Any CPU
		{317539A9-996B-4B6A-BD10-46D742FD363D}.Debug|Any CPU.ActiveCfg = Debug|Any CPU
		{317539A9-996B-4B6A-BD10-46D742FD363D}.Debug|Any CPU.Build.0 = Debug|Any CPU
		{317539A9-996B-4B6A-BD10-46D742FD363D}.Release|Any CPU.ActiveCfg = Release|Any CPU
		{317539A9-996B-4B6A-BD10-46D742FD363D}.Release|Any CPU.Build.0 = Release|Any CPU
		{EC533091-4B30-49C1-AB7B-B35726223A59}.Debug|Any CPU.ActiveCfg = Debug|Any CPU
		{EC533091-4B30-49C1-AB7B-B35726223A59}.Debug|Any CPU.Build.0 = Debug|Any CPU
		{EC533091-4B30-49C1-AB7B-B35726223A59}.Release|Any CPU.ActiveCfg = Release|Any CPU
		{EC533091-4B30-49C1-AB7B-B35726223A59}.Release|Any CPU.Build.0 = Release|Any CPU
	EndGlobalSection
	GlobalSection(SolutionProperties) = preSolution
		HideSolutionNode = FALSE
	EndGlobalSection
	GlobalSection(NestedProjects) = preSolution
		{DEE3961C-6BC8-42DF-B12A-C1F71D87B6BE} = {4BA95677-E30D-4FFE-AAE1-A5CE56AB9FD6}
		{0E44CEBA-0A9F-4AEF-863A-69295B901B1D} = {8BFB813D-F58A-4443-862E-8D57317C2D38}
		{79AFB936-1F93-48B9-997D-E608ED4EBBE9} = {8BFB813D-F58A-4443-862E-8D57317C2D38}
		{DD995D36-6D6A-4909-A164-14A8D2D3E40B} = {8BFB813D-F58A-4443-862E-8D57317C2D38}
		{4BA95677-E30D-4FFE-AAE1-A5CE56AB9FD6} = {DD995D36-6D6A-4909-A164-14A8D2D3E40B}
		{41F2B0C3-366E-4119-9756-98B2EE670301} = {DD995D36-6D6A-4909-A164-14A8D2D3E40B}
		{DFD1E4A0-02FB-4BD4-83BC-3A259F0B0504} = {DD995D36-6D6A-4909-A164-14A8D2D3E40B}
		{DD0E278A-3AD0-453E-BE68-5AF8FCB184BB} = {DFD1E4A0-02FB-4BD4-83BC-3A259F0B0504}
		{FAE2929C-1578-449A-84B1-266E3BCEF9F8} = {41F2B0C3-366E-4119-9756-98B2EE670301}
		{73410C6C-1E58-49E8-AC6C-F94CF7357426} = {0E44CEBA-0A9F-4AEF-863A-69295B901B1D}
		{317539A9-996B-4B6A-BD10-46D742FD363D} = {79AFB936-1F93-48B9-997D-E608ED4EBBE9}
		{EC533091-4B30-49C1-AB7B-B35726223A59} = {41F2B0C3-366E-4119-9756-98B2EE670301}
	EndGlobalSection
	GlobalSection(ExtensibilityGlobals) = postSolution
		SolutionGuid = {8B21B191-A3C4-4309-AB54-CC652FDF95AD}
	EndGlobalSection
EndGlobal
